
Microsoft Visual Studio Solution File, Format Version 12.00
# Visual Studio Version 16
VisualStudioVersion = 25.0.1706.6
MinimumVisualStudioVersion = 10.0.40219.1
Project("{FAE04EC0-301F-11D3-BF4B-00C04F79EFBC}") = "TestBindingproperty", "TestBindingproperty\TestBindingproperty.csproj", "{2262807F-667A-40E9-847E-6D15B982F55C}"
EndProject
Project("{FAE04EC0-301F-11D3-BF4B-00C04F79EFBC}") = "ListBase", "ListBase\ListBase.csproj", "{367F5BED-A8FA-47CD-8464-901F49580647}"
EndProject
Global
	GlobalSection(SolutionConfigurationPlatforms) = preSolution
		Debug|Any CPU = Debug|Any CPU
		Release|Any CPU = Release|Any CPU
	EndGlobalSection
	GlobalSection(ProjectConfigurationPlatforms) = postSolution
		{2262807F-667A-40E9-847E-6D15B982F55C}.Debug|Any CPU.ActiveCfg = Debug|Any CPU
		{2262807F-667A-40E9-847E-6D15B982F55C}.Debug|Any CPU.Build.0 = Debug|Any CPU
		{2262807F-667A-40E9-847E-6D15B982F55C}.Release|Any CPU.ActiveCfg = Release|Any CPU
		{2262807F-667A-40E9-847E-6D15B982F55C}.Release|Any CPU.Build.0 = Release|Any CPU
		{367F5BED-A8FA-47CD-8464-901F49580647}.Debug|Any CPU.ActiveCfg = Debug|Any CPU
		{367F5BED-A8FA-47CD-8464-901F49580647}.Debug|Any CPU.Build.0 = Debug|Any CPU
		{367F5BED-A8FA-47CD-8464-901F49580647}.Release|Any CPU.ActiveCfg = Release|Any CPU
		{367F5BED-A8FA-47CD-8464-901F49580647}.Release|Any CPU.Build.0 = Release|Any CPU
	EndGlobalSection
	GlobalSection(SolutionProperties) = preSolution
		HideSolutionNode = FALSE
	EndGlobalSection
	GlobalSection(ExtensibilityGlobals) = postSolution
		SolutionGuid = {247DED5B-88BB-4778-848F-8943B7C04C2A}
	EndGlobalSection
EndGlobal
